{
  "name": "uiks",
  "version": "1.0.0",
  "lockfileVersion": 1,
  "requires": true,
  "dependencies": {
    "batch-processor": {
      "version": "1.0.0",
      "resolved": "https://registry.npmjs.org/batch-processor/-/batch-processor-1.0.0.tgz",
      "integrity": "sha1-dclcMrdI4IUNEMKxaPa9vpiRrOg="
    },
    "element-resize-detector": {
      "version": "1.1.12",
      "resolved": "https://registry.npmjs.org/element-resize-detector/-/element-resize-detector-1.1.12.tgz",
      "integrity": "sha1-iz/W7t2hf5wAs2Cg6i35knroC6I=",
      "requires": {
        "batch-processor": "1.0.0"
      }
    },
    "font-face-rule": {
      "version": "1.0.0",
      "resolved": "https://registry.npmjs.org/font-face-rule/-/font-face-rule-1.0.0.tgz",
      "integrity": "sha1-LdkYR1irdOAP/BlPWtE4koEUGAg=",
      "requires": {
        "font-face-attrs": "1.0.0",
        "indexof": "0.0.1"
      },
      "dependencies": {
        "font-face-attrs": {
          "version": "1.0.0",
          "resolved": "https://registry.npmjs.org/font-face-attrs/-/font-face-attrs-1.0.0.tgz",
          "integrity": "sha1-ypceKdY5PHKWshKZyocsc7Zlk8A="
        },
        "indexof": {
          "version": "0.0.1",
          "resolved": "https://registry.npmjs.org/indexof/-/indexof-0.0.1.tgz",
          "integrity": "sha1-gtwzbSMrkGIXnQWrMpOmYFn9Q10="
        }
      }
    },
    "insert-css": {
      "version": "2.0.0",
      "resolved": "https://registry.npmjs.org/insert-css/-/insert-css-2.0.0.tgz",
      "integrity": "sha1-610Ql7dUL0x56jBg067gfQU4gPQ="
    },
    "is-git-repo": {
      "version": "0.1.2",
      "resolved": "https://registry.npmjs.org/is-git-repo/-/is-git-repo-0.1.2.tgz",
      "integrity": "sha1-qd3Yn2ar1cywFFgz3VXA+EveYdM=",
      "dev": true
    },
    "lodash": {
      "version": "4.17.4",
      "resolved": "https://registry.npmjs.org/lodash/-/lodash-4.17.4.tgz",
      "integrity": "sha1-eCA6TRwyiuHYbcpkYONptX9AVa4="
    },
    "material-colors": {
      "version": "1.2.5",
      "resolved": "https://registry.npmjs.org/material-colors/-/material-colors-1.2.5.tgz",
      "integrity": "sha1-UpJZPmdUyxvMK5gDDk4Najr8nqE="
    },
    "reaks": {
      "version": "github:kaesapps/reaks#735b1583963c31ae995f6e1f859c00ecb6197578",
      "requires": {
        "lodash": "4.17.4"
      }
    },
    "update-git-packages": {
      "version": "github:kaesapps/update-git-packages#feaa215f0223802745608b50ccd4db24625e4649",
      "dev": true,
      "requires": {
        "is-git-repo": "0.1.2"
      }
    }
  }
}
